
Microsoft Visual Studio Solution File, Format Version 12.00
# Visual Studio 15
VisualStudioVersion = 15.0.28010.2041
MinimumVisualStudioVersion = 10.0.40219.1
Project("{9A19103F-16F7-4668-BE54-9A1E7A4F7556}") = "ProjectFlight", "ProjectFlight.csproj", "{486DFEDD-A754-42D3-88B9-15A170F79EB3}"
EndProject
Global
	GlobalSection(SolutionConfigurationPlatforms) = preSolution
		Debug|Any CPU = Debug|Any CPU
		Release|Any CPU = Release|Any CPU
	EndGlobalSection
	GlobalSection(ProjectConfigurationPlatforms) = postSolution
		{486DFEDD-A754-42D3-88B9-15A170F79EB3}.Debug|Any CPU.ActiveCfg = Debug|Any CPU
		{486DFEDD-A754-42D3-88B9-15A170F79EB3}.Debug|Any CPU.Build.0 = Debug|Any CPU
		{486DFEDD-A754-42D3-88B9-15A170F79EB3}.Release|Any CPU.ActiveCfg = Release|Any CPU
		{486DFEDD-A754-42D3-88B9-15A170F79EB3}.Release|Any CPU.Build.0 = Release|Any CPU
	EndGlobalSection
	GlobalSection(SolutionProperties) = preSolution
		HideSolutionNode = FALSE
	EndGlobalSection
	GlobalSection(ExtensibilityGlobals) = postSolution
		SolutionGuid = {EC3A6B76-6BD9-44FE-9813-92C391EAC310}
	EndGlobalSection
EndGlobal
